
Microsoft Visual Studio Solution File, Format Version 12.00
# Visual Studio Version 16
VisualStudioVersion = 25.0.1700.0
MinimumVisualStudioVersion = 10.0.40219.1
Project("{FAE04EC0-301F-11D3-BF4B-00C04F79EFBC}") = "BlazorSample", "BlazorSample\BlazorSample.csproj", "{FBCB3CC8-03D6-4A89-BBF4-8269B538752A}"
EndProject
Global
	GlobalSection(SolutionConfigurationPlatforms) = preSolution
		Debug|Any CPU = Debug|Any CPU
		Release|Any CPU = Release|Any CPU
	EndGlobalSection
	GlobalSection(ProjectConfigurationPlatforms) = postSolution
		{FBCB3CC8-03D6-4A89-BBF4-8269B538752A}.Debug|Any CPU.ActiveCfg = Debug|Any CPU
		{FBCB3CC8-03D6-4A89-BBF4-8269B538752A}.Debug|Any CPU.Build.0 = Debug|Any CPU
		{FBCB3CC8-03D6-4A89-BBF4-8269B538752A}.Release|Any CPU.ActiveCfg = Release|Any CPU
		{FBCB3CC8-03D6-4A89-BBF4-8269B538752A}.Release|Any CPU.Build.0 = Release|Any CPU
	EndGlobalSection
	GlobalSection(SolutionProperties) = preSolution
		HideSolutionNode = FALSE
	EndGlobalSection
	GlobalSection(ExtensibilityGlobals) = postSolution
		SolutionGuid = {212D1F46-0CA0-450F-92D9-D649ADD750B1}
	EndGlobalSection
EndGlobal
